
Microsoft Visual Studio Solution File, Format Version 12.00
# Visual Studio Version 17
VisualStudioVersion = 17.8.34330.188
MinimumVisualStudioVersion = 10.0.40219.1
Project("{FAE04EC0-301F-11D3-BF4B-00C04F79EFBC}") = "Mon Player Audio", "Mon Player Audio.csproj", "{0B5A5E8C-B99D-4BDB-97FD-7F4ED7022A85}"
EndProject
Global
	GlobalSection(SolutionConfigurationPlatforms) = preSolution
		Debug|Any CPU = Debug|Any CPU
		Release|Any CPU = Release|Any CPU
	EndGlobalSection
	GlobalSection(ProjectConfigurationPlatforms) = postSolution
		{0B5A5E8C-B99D-4BDB-97FD-7F4ED7022A85}.Debug|Any CPU.ActiveCfg = Debug|Any CPU
		{0B5A5E8C-B99D-4BDB-97FD-7F4ED7022A85}.Debug|Any CPU.Build.0 = Debug|Any CPU
		{0B5A5E8C-B99D-4BDB-97FD-7F4ED7022A85}.Release|Any CPU.ActiveCfg = Release|Any CPU
		{0B5A5E8C-B99D-4BDB-97FD-7F4ED7022A85}.Release|Any CPU.Build.0 = Release|Any CPU
	EndGlobalSection
	GlobalSection(SolutionProperties) = preSolution
		HideSolutionNode = FALSE
	EndGlobalSection
	GlobalSection(ExtensibilityGlobals) = postSolution
		SolutionGuid = {640ED331-A2CE-4C42-B765-46079D9CBDC7}
	EndGlobalSection
EndGlobal
